
Microsoft Visual Studio Solution File, Format Version 10.00
# Visual Studio 2008
Project("{8BC9CEB8-8B4A-11D0-8D11-00A0C91BC942}") = "SoftShadows", "softshadows.vcproj", "{5FB856FA-EF0A-49CD-B238-9A8199C2490D}"
	ProjectSection(ProjectDependencies) = postProject
		{9EF2464C-9C8A-4F44-9E5B-606FE3974651} = {9EF2464C-9C8A-4F44-9E5B-606FE3974651}
		{94E21C5D-95F5-4096-AEE0-C7C51F7FE02A} = {94E21C5D-95F5-4096-AEE0-C7C51F7FE02A}
		{E0CF097B-F22D-465B-A884-D89E55BD7ECD} = {E0CF097B-F22D-465B-A884-D89E55BD7ECD}
	EndProjectSection
EndProject
Project("{8BC9CEB8-8B4A-11D0-8D11-00A0C91BC942}") = "S3UT", "..\Common\S3UT\nvut.vcproj", "{94E21C5D-95F5-4096-AEE0-C7C51F7FE02A}"
EndProject
Project("{8BC9CEB8-8B4A-11D0-8D11-00A0C91BC942}") = "DXUTOptional", "..\Common\DXUT\Optional\DXUTOptional.vcproj", "{9EF2464C-9C8A-4F44-9E5B-606FE3974651}"
EndProject
Project("{8BC9CEB8-8B4A-11D0-8D11-00A0C91BC942}") = "DXUTCore", "..\Common\DXUT\Core\DXUTCore.vcproj", "{E0CF097B-F22D-465B-A884-D89E55BD7ECD}"
EndProject
Global
	GlobalSection(SolutionConfigurationPlatforms) = preSolution
		Debug|Win32 = Debug|Win32
		Debug|x64 = Debug|x64
		Profile|Win32 = Profile|Win32
		Profile|x64 = Profile|x64
		Release|Win32 = Release|Win32
		Release|x64 = Release|x64
	EndGlobalSection
	GlobalSection(ProjectConfigurationPlatforms) = postSolution
		{5FB856FA-EF0A-49CD-B238-9A8199C2490D}.Debug|Win32.ActiveCfg = Debug|Win32
		{5FB856FA-EF0A-49CD-B238-9A8199C2490D}.Debug|Win32.Build.0 = Debug|Win32
		{5FB856FA-EF0A-49CD-B238-9A8199C2490D}.Debug|x64.ActiveCfg = Debug|x64
		{5FB856FA-EF0A-49CD-B238-9A8199C2490D}.Debug|x64.Build.0 = Debug|x64
		{5FB856FA-EF0A-49CD-B238-9A8199C2490D}.Profile|Win32.ActiveCfg = Release|x64
		{5FB856FA-EF0A-49CD-B238-9A8199C2490D}.Profile|x64.ActiveCfg = Release|x64
		{5FB856FA-EF0A-49CD-B238-9A8199C2490D}.Profile|x64.Build.0 = Release|x64
		{5FB856FA-EF0A-49CD-B238-9A8199C2490D}.Release|Win32.ActiveCfg = Release|Win32
		{5FB856FA-EF0A-49CD-B238-9A8199C2490D}.Release|Win32.Build.0 = Release|Win32
		{5FB856FA-EF0A-49CD-B238-9A8199C2490D}.Release|x64.ActiveCfg = Release|x64
		{5FB856FA-EF0A-49CD-B238-9A8199C2490D}.Release|x64.Build.0 = Release|x64
		{94E21C5D-95F5-4096-AEE0-C7C51F7FE02A}.Debug|Win32.ActiveCfg = Debug|Win32
		{94E21C5D-95F5-4096-AEE0-C7C51F7FE02A}.Debug|Win32.Build.0 = Debug|Win32
		{94E21C5D-95F5-4096-AEE0-C7C51F7FE02A}.Debug|x64.ActiveCfg = Debug|x64
		{94E21C5D-95F5-4096-AEE0-C7C51F7FE02A}.Debug|x64.Build.0 = Debug|x64
		{94E21C5D-95F5-4096-AEE0-C7C51F7FE02A}.Profile|Win32.ActiveCfg = Profile|Win32
		{94E21C5D-95F5-4096-AEE0-C7C51F7FE02A}.Profile|Win32.Build.0 = Profile|Win32
		{94E21C5D-95F5-4096-AEE0-C7C51F7FE02A}.Profile|x64.ActiveCfg = Profile|x64
		{94E21C5D-95F5-4096-AEE0-C7C51F7FE02A}.Profile|x64.Build.0 = Profile|x64
		{94E21C5D-95F5-4096-AEE0-C7C51F7FE02A}.Release|Win32.ActiveCfg = Release|Win32
		{94E21C5D-95F5-4096-AEE0-C7C51F7FE02A}.Release|Win32.Build.0 = Release|Win32
		{94E21C5D-95F5-4096-AEE0-C7C51F7FE02A}.Release|x64.ActiveCfg = Release|x64
		{94E21C5D-95F5-4096-AEE0-C7C51F7FE02A}.Release|x64.Build.0 = Release|x64
		{9EF2464C-9C8A-4F44-9E5B-606FE3974651}.Debug|Win32.ActiveCfg = Debug|Win32
		{9EF2464C-9C8A-4F44-9E5B-606FE3974651}.Debug|Win32.Build.0 = Debug|Win32
		{9EF2464C-9C8A-4F44-9E5B-606FE3974651}.Debug|x64.ActiveCfg = Debug|Win32
		{9EF2464C-9C8A-4F44-9E5B-606FE3974651}.Profile|Win32.ActiveCfg = Release|Win32
		{9EF2464C-9C8A-4F44-9E5B-606FE3974651}.Profile|Win32.Build.0 = Release|Win32
		{9EF2464C-9C8A-4F44-9E5B-606FE3974651}.Profile|x64.ActiveCfg = Release|Win32
		{9EF2464C-9C8A-4F44-9E5B-606FE3974651}.Release|Win32.ActiveCfg = Release|Win32
		{9EF2464C-9C8A-4F44-9E5B-606FE3974651}.Release|Win32.Build.0 = Release|Win32
		{9EF2464C-9C8A-4F44-9E5B-606FE3974651}.Release|x64.ActiveCfg = Release|Win32
		{E0CF097B-F22D-465B-A884-D89E55BD7ECD}.Debug|Win32.ActiveCfg = Debug|Win32
		{E0CF097B-F22D-465B-A884-D89E55BD7ECD}.Debug|Win32.Build.0 = Debug|Win32
		{E0CF097B-F22D-465B-A884-D89E55BD7ECD}.Debug|x64.ActiveCfg = Debug|Win32
		{E0CF097B-F22D-465B-A884-D89E55BD7ECD}.Profile|Win32.ActiveCfg = Release|Win32
		{E0CF097B-F22D-465B-A884-D89E55BD7ECD}.Profile|Win32.Build.0 = Release|Win32
		{E0CF097B-F22D-465B-A884-D89E55BD7ECD}.Profile|x64.ActiveCfg = Release|Win32
		{E0CF097B-F22D-465B-A884-D89E55BD7ECD}.Release|Win32.ActiveCfg = Release|Win32
		{E0CF097B-F22D-465B-A884-D89E55BD7ECD}.Release|Win32.Build.0 = Release|Win32
		{E0CF097B-F22D-465B-A884-D89E55BD7ECD}.Release|x64.ActiveCfg = Release|Win32
	EndGlobalSection
	GlobalSection(SolutionProperties) = preSolution
		HideSolutionNode = FALSE
	EndGlobalSection
EndGlobal
